
Microsoft Visual Studio Solution File, Format Version 12.00
# Visual Studio Version 16
VisualStudioVersion = 16.0.31911.196
MinimumVisualStudioVersion = 10.0.40219.1
Project("{9A19103F-16F7-4668-BE54-9A1E7A4F7556}") = "Business", "Business\Business.csproj", "{0C61706B-221D-4635-A02A-C1488E2A8E63}"
EndProject
Project("{9A19103F-16F7-4668-BE54-9A1E7A4F7556}") = "DataAccess", "DataAccess\DataAccess.csproj", "{311A93F8-582A-44F7-BBBF-D647A02192F9}"
EndProject
Project("{9A19103F-16F7-4668-BE54-9A1E7A4F7556}") = "Entities", "Entities\Entities.csproj", "{21067B70-948C-460B-90EB-01CED8659131}"
EndProject
Project("{9A19103F-16F7-4668-BE54-9A1E7A4F7556}") = "WebAPI", "WebAPI\WebAPI.csproj", "{377FA5D4-067F-4F49-9737-3634CF275919}"
EndProject
Project("{FAE04EC0-301F-11D3-BF4B-00C04F79EFBC}") = "Mvc_UI", "Mvc_UI\Mvc_UI.csproj", "{1B38114D-0E0C-4C14-82CE-8A6C5465C5C7}"
EndProject
Global
	GlobalSection(SolutionConfigurationPlatforms) = preSolution
		Debug|Any CPU = Debug|Any CPU
		Release|Any CPU = Release|Any CPU
	EndGlobalSection
	GlobalSection(ProjectConfigurationPlatforms) = postSolution
		{0C61706B-221D-4635-A02A-C1488E2A8E63}.Debug|Any CPU.ActiveCfg = Debug|Any CPU
		{0C61706B-221D-4635-A02A-C1488E2A8E63}.Debug|Any CPU.Build.0 = Debug|Any CPU
		{0C61706B-221D-4635-A02A-C1488E2A8E63}.Release|Any CPU.ActiveCfg = Release|Any CPU
		{0C61706B-221D-4635-A02A-C1488E2A8E63}.Release|Any CPU.Build.0 = Release|Any CPU
		{311A93F8-582A-44F7-BBBF-D647A02192F9}.Debug|Any CPU.ActiveCfg = Debug|Any CPU
		{311A93F8-582A-44F7-BBBF-D647A02192F9}.Debug|Any CPU.Build.0 = Debug|Any CPU
		{311A93F8-582A-44F7-BBBF-D647A02192F9}.Release|Any CPU.ActiveCfg = Release|Any CPU
		{311A93F8-582A-44F7-BBBF-D647A02192F9}.Release|Any CPU.Build.0 = Release|Any CPU
		{21067B70-948C-460B-90EB-01CED8659131}.Debug|Any CPU.ActiveCfg = Debug|Any CPU
		{21067B70-948C-460B-90EB-01CED8659131}.Debug|Any CPU.Build.0 = Debug|Any CPU
		{21067B70-948C-460B-90EB-01CED8659131}.Release|Any CPU.ActiveCfg = Release|Any CPU
		{21067B70-948C-460B-90EB-01CED8659131}.Release|Any CPU.Build.0 = Release|Any CPU
		{377FA5D4-067F-4F49-9737-3634CF275919}.Debug|Any CPU.ActiveCfg = Debug|Any CPU
		{377FA5D4-067F-4F49-9737-3634CF275919}.Debug|Any CPU.Build.0 = Debug|Any CPU
		{377FA5D4-067F-4F49-9737-3634CF275919}.Release|Any CPU.ActiveCfg = Release|Any CPU
		{377FA5D4-067F-4F49-9737-3634CF275919}.Release|Any CPU.Build.0 = Release|Any CPU
		{1B38114D-0E0C-4C14-82CE-8A6C5465C5C7}.Debug|Any CPU.ActiveCfg = Debug|Any CPU
		{1B38114D-0E0C-4C14-82CE-8A6C5465C5C7}.Debug|Any CPU.Build.0 = Debug|Any CPU
		{1B38114D-0E0C-4C14-82CE-8A6C5465C5C7}.Release|Any CPU.ActiveCfg = Release|Any CPU
		{1B38114D-0E0C-4C14-82CE-8A6C5465C5C7}.Release|Any CPU.Build.0 = Release|Any CPU
	EndGlobalSection
	GlobalSection(SolutionProperties) = preSolution
		HideSolutionNode = FALSE
	EndGlobalSection
	GlobalSection(ExtensibilityGlobals) = postSolution
		SolutionGuid = {BA61DC0D-B686-463F-BDE1-D1BA4574FED4}
	EndGlobalSection
EndGlobal
